
Microsoft Visual Studio Solution File, Format Version 12.00
# Visual Studio Version 17
VisualStudioVersion = 17.6.33829.357
MinimumVisualStudioVersion = 10.0.40219.1
Project("{9A19103F-16F7-4668-BE54-9A1E7A4F7556}") = "TodoListAPI", "TodoListAPI.csproj", "{B9EB1B8B-E34E-4E5A-BFBA-C6D99532749D}"
EndProject
Global
	GlobalSection(SolutionConfigurationPlatforms) = preSolution
		Debug|Any CPU = Debug|Any CPU
		Release|Any CPU = Release|Any CPU
	EndGlobalSection
	GlobalSection(ProjectConfigurationPlatforms) = postSolution
		{B9EB1B8B-E34E-4E5A-BFBA-C6D99532749D}.Debug|Any CPU.ActiveCfg = Debug|Any CPU
		{B9EB1B8B-E34E-4E5A-BFBA-C6D99532749D}.Debug|Any CPU.Build.0 = Debug|Any CPU
		{B9EB1B8B-E34E-4E5A-BFBA-C6D99532749D}.Release|Any CPU.ActiveCfg = Release|Any CPU
		{B9EB1B8B-E34E-4E5A-BFBA-C6D99532749D}.Release|Any CPU.Build.0 = Release|Any CPU
	EndGlobalSection
	GlobalSection(SolutionProperties) = preSolution
		HideSolutionNode = FALSE
	EndGlobalSection
	GlobalSection(ExtensibilityGlobals) = postSolution
		SolutionGuid = {9F3D23FE-A456-479D-91AD-4172D2956721}
	EndGlobalSection
EndGlobal
